
Microsoft Visual Studio Solution File, Format Version 12.00
# Visual Studio Version 16
VisualStudioVersion = 16.0.34301.259
MinimumVisualStudioVersion = 10.0.40219.1
Project("{FAE04EC0-301F-11D3-BF4B-00C04F79EFBC}") = "Tracer.Core", "SPP_1\Tracer.Core.csproj", "{304961EB-057E-46F6-B64E-ECBFE0A1A3D1}"
EndProject
Project("{FAE04EC0-301F-11D3-BF4B-00C04F79EFBC}") = "Tracer.Core.Test", "Test\Tracer.Core.Test.csproj", "{A910A503-DF95-4159-BC71-E2DE621255F1}"
EndProject
Project("{FAE04EC0-301F-11D3-BF4B-00C04F79EFBC}") = "Tracer.Serialization", "Serialization\Tracer.Serialization.csproj", "{DD33E33A-6F6E-49EC-988A-9770242368E9}"
EndProject
Project("{FAE04EC0-301F-11D3-BF4B-00C04F79EFBC}") = "Tracer.Serialization.Abstractions", "Serialization.Abstractions\Tracer.Serialization.Abstractions.csproj", "{F09E23E3-9D78-4969-8A28-5C92D309D034}"
EndProject
Project("{FAE04EC0-301F-11D3-BF4B-00C04F79EFBC}") = "Tracer.Example", "Example\Tracer.Example.csproj", "{DD58A7F7-F1A6-481C-997F-28E86AA591D0}"
EndProject
Global
	GlobalSection(SolutionConfigurationPlatforms) = preSolution
		Debug|Any CPU = Debug|Any CPU
		Release|Any CPU = Release|Any CPU
	EndGlobalSection
	GlobalSection(ProjectConfigurationPlatforms) = postSolution
		{304961EB-057E-46F6-B64E-ECBFE0A1A3D1}.Debug|Any CPU.ActiveCfg = Debug|Any CPU
		{304961EB-057E-46F6-B64E-ECBFE0A1A3D1}.Debug|Any CPU.Build.0 = Debug|Any CPU
		{304961EB-057E-46F6-B64E-ECBFE0A1A3D1}.Release|Any CPU.ActiveCfg = Release|Any CPU
		{304961EB-057E-46F6-B64E-ECBFE0A1A3D1}.Release|Any CPU.Build.0 = Release|Any CPU
		{A910A503-DF95-4159-BC71-E2DE621255F1}.Debug|Any CPU.ActiveCfg = Debug|Any CPU
		{A910A503-DF95-4159-BC71-E2DE621255F1}.Debug|Any CPU.Build.0 = Debug|Any CPU
		{A910A503-DF95-4159-BC71-E2DE621255F1}.Release|Any CPU.ActiveCfg = Release|Any CPU
		{A910A503-DF95-4159-BC71-E2DE621255F1}.Release|Any CPU.Build.0 = Release|Any CPU
		{DD33E33A-6F6E-49EC-988A-9770242368E9}.Debug|Any CPU.ActiveCfg = Debug|Any CPU
		{DD33E33A-6F6E-49EC-988A-9770242368E9}.Debug|Any CPU.Build.0 = Debug|Any CPU
		{DD33E33A-6F6E-49EC-988A-9770242368E9}.Release|Any CPU.ActiveCfg = Release|Any CPU
		{DD33E33A-6F6E-49EC-988A-9770242368E9}.Release|Any CPU.Build.0 = Release|Any CPU
		{F09E23E3-9D78-4969-8A28-5C92D309D034}.Debug|Any CPU.ActiveCfg = Debug|Any CPU
		{F09E23E3-9D78-4969-8A28-5C92D309D034}.Debug|Any CPU.Build.0 = Debug|Any CPU
		{F09E23E3-9D78-4969-8A28-5C92D309D034}.Release|Any CPU.ActiveCfg = Release|Any CPU
		{F09E23E3-9D78-4969-8A28-5C92D309D034}.Release|Any CPU.Build.0 = Release|Any CPU
		{DD58A7F7-F1A6-481C-997F-28E86AA591D0}.Debug|Any CPU.ActiveCfg = Debug|Any CPU
		{DD58A7F7-F1A6-481C-997F-28E86AA591D0}.Debug|Any CPU.Build.0 = Debug|Any CPU
		{DD58A7F7-F1A6-481C-997F-28E86AA591D0}.Release|Any CPU.ActiveCfg = Release|Any CPU
		{DD58A7F7-F1A6-481C-997F-28E86AA591D0}.Release|Any CPU.Build.0 = Release|Any CPU
	EndGlobalSection
	GlobalSection(SolutionProperties) = preSolution
		HideSolutionNode = FALSE
	EndGlobalSection
	GlobalSection(ExtensibilityGlobals) = postSolution
		SolutionGuid = {F5C22563-4D3F-48C1-A506-403B9F3007F3}
	EndGlobalSection
EndGlobal
